
Microsoft Visual Studio Solution File, Format Version 12.00
# Visual Studio Version 17
VisualStudioVersion = 17.9.34714.143
MinimumVisualStudioVersion = 10.0.40219.1
Project("{2150E333-8FDC-42A3-9474-1A3956D46DE8}") = "01.泛型和约束", "01.泛型和约束", "{22976811-F722-484E-918D-0B3FE1CBDA1F}"
EndProject
Project("{FAE04EC0-301F-11D3-BF4B-00C04F79EFBC}") = "Generic", "01.泛型和约束\Generic\Generic.csproj", "{CEC829C9-7894-4CBD-A526-D5895EEE8FF7}"
EndProject
Project("{2150E333-8FDC-42A3-9474-1A3956D46DE8}") = "02.语法反射", "02.语法反射", "{41D85B80-D376-441C-BF23-132D2FFECF5D}"
EndProject
Project("{FAE04EC0-301F-11D3-BF4B-00C04F79EFBC}") = "Animal", "02.语法反射\Animal\Animal.csproj", "{D535B2E3-E54B-42A8-9808-76FFA41B3204}"
EndProject
Project("{FAE04EC0-301F-11D3-BF4B-00C04F79EFBC}") = "Vehicle", "02.语法反射\Vehicle\Vehicle.csproj", "{C9B25ED6-E775-485F-9770-CE98EBBBDD48}"
EndProject
Project("{FAE04EC0-301F-11D3-BF4B-00C04F79EFBC}") = "ReFlex", "02.语法反射\ReFlex\ReFlex.csproj", "{38FF3C5D-7ACA-4AFA-8FF8-15CB3DB40334}"
EndProject
Project("{2150E333-8FDC-42A3-9474-1A3956D46DE8}") = "03.特性Attribute", "03.特性Attribute", "{BF1E5F57-9E73-4233-BB93-3FB25B2B24A3}"
EndProject
Project("{FAE04EC0-301F-11D3-BF4B-00C04F79EFBC}") = "Characteristic", "03.特性Attribute\Characteristic\Characteristic.csproj", "{DC9B56DA-3906-4435-A40F-2B2147BF88EF}"
EndProject
Project("{2150E333-8FDC-42A3-9474-1A3956D46DE8}") = "04.面向对象", "04.面向对象", "{AEB8411C-3396-4177-99CA-1E6AB3D619CD}"
EndProject
Project("{FAE04EC0-301F-11D3-BF4B-00C04F79EFBC}") = "CSharpOOP", "04.面向对象\CSharpOOP\CSharpOOP.csproj", "{03813B49-1BFB-4893-BFBC-A743D0E2A08D}"
EndProject
Project("{2150E333-8FDC-42A3-9474-1A3956D46DE8}") = "05.委托与事件", "05.委托与事件", "{371C9F94-52A7-49C8-A482-D5D4C4421CAE}"
EndProject
Project("{FAE04EC0-301F-11D3-BF4B-00C04F79EFBC}") = "DelegateClick", "05.委托与事件\DelegateClick\DelegateClick.csproj", "{2A29C84C-0D99-446F-B211-30E17462FEBC}"
EndProject
Project("{2150E333-8FDC-42A3-9474-1A3956D46DE8}") = "06.IO与序列化", "06.IO与序列化", "{247360E3-5211-4F01-9298-1804EFA6AEFE}"
EndProject
Project("{FAE04EC0-301F-11D3-BF4B-00C04F79EFBC}") = "IOandSerialize", "06.IO与序列化\IOandSerialize\IOandSerialize.csproj", "{673FF8F8-7CE1-47F9-9F69-41A7F473C4C7}"
EndProject
Project("{2150E333-8FDC-42A3-9474-1A3956D46DE8}") = "07.加密与解密", "07.加密与解密", "{275AE90B-6120-4DCD-A356-7B7556BCDD06}"
EndProject
Project("{FAE04EC0-301F-11D3-BF4B-00C04F79EFBC}") = "EncryptionAndDecryption", "07.加密与解密\EncryptionAndDecryption\EncryptionAndDecryption.csproj", "{625D0CC7-1085-465E-BC32-76F620D0DED1}"
EndProject
Project("{2150E333-8FDC-42A3-9474-1A3956D46DE8}") = "08.异步和多线程", "08.异步和多线程", "{536A963B-DC96-4786-991A-D846D847BF58}"
EndProject
Project("{FAE04EC0-301F-11D3-BF4B-00C04F79EFBC}") = "Multithreading", "08.异步和多线程\Multithreading\Multithreading.csproj", "{6993F760-4E3B-416C-8324-8A1E00A7F181}"
EndProject
Project("{2150E333-8FDC-42A3-9474-1A3956D46DE8}") = "09.数据结构和特殊类型", "09.数据结构和特殊类型", "{14273C50-773C-4A0C-AF76-ADB3FAD8B0FF}"
EndProject
Project("{FAE04EC0-301F-11D3-BF4B-00C04F79EFBC}") = "Structure", "09.数据结构和特殊类型\Structure\Structure.csproj", "{67D98AFD-075C-4AFA-A539-DB5E0531582E}"
EndProject
Project("{2150E333-8FDC-42A3-9474-1A3956D46DE8}") = "10.Redis", "10.Redis", "{2D3641EA-4561-4060-8290-8FBB9F7A06A7}"
EndProject
Project("{FAE04EC0-301F-11D3-BF4B-00C04F79EFBC}") = "ExchangeRedis", "10.Redis\ExchangeRedis\ExchangeRedis.csproj", "{64695809-F024-4163-B32F-F5D86BF22A3E}"
EndProject
Project("{2150E333-8FDC-42A3-9474-1A3956D46DE8}") = "11.WebServices_UnitTest", "11.WebServices_UnitTest", "{2782D873-E813-40F0-8F6D-399F6FD07447}"
EndProject
Project("{FAE04EC0-301F-11D3-BF4B-00C04F79EFBC}") = "WebServices", "11.WebServices_UnitTest\WebServices\WebServices.csproj", "{FB24245D-522F-4C5E-8813-83CBC6300A43}"
EndProject
Project("{FAE04EC0-301F-11D3-BF4B-00C04F79EFBC}") = "UnitTestProject", "11.WebServices_UnitTest\UnitTestProject\UnitTestProject.csproj", "{D739E8D3-E113-41BD-9F45-F7DFA50B481E}"
	ProjectSection(ProjectDependencies) = postProject
		{FB24245D-522F-4C5E-8813-83CBC6300A43} = {FB24245D-522F-4C5E-8813-83CBC6300A43}
	EndProjectSection
EndProject
Project("{2150E333-8FDC-42A3-9474-1A3956D46DE8}") = "12.EntityFramework", "12.EntityFramework", "{6748AA5C-6A87-46B9-8A76-96F61EE1ADBD}"
EndProject
Project("{FAE04EC0-301F-11D3-BF4B-00C04F79EFBC}") = "EFPractice", "12.EntityFramework\EFPractice\EFPractice.csproj", "{914EBD07-8222-4527-B7C5-20A5F2B26382}"
EndProject
Project("{2150E333-8FDC-42A3-9474-1A3956D46DE8}") = "13.IOC依赖注入", "13.IOC依赖注入", "{80FF08E0-6CD8-4893-A2E3-19C7C53EF8C1}"
EndProject
Project("{FAE04EC0-301F-11D3-BF4B-00C04F79EFBC}") = "IOCTest", "13.IOC依赖注入\IOCTest\IOCTest.csproj", "{D392DA69-70BE-4783-AEA0-128E1CB6F314}"
EndProject
Project("{2150E333-8FDC-42A3-9474-1A3956D46DE8}") = "HomeWork", "HomeWork", "{D8B94322-3023-4131-861A-CBE93EE69933}"
EndProject
Project("{FAE04EC0-301F-11D3-BF4B-00C04F79EFBC}") = "Homework1", "HomeWork\Homework1\Homework1.csproj", "{9427376A-7656-4EA0-B8C9-B1E5D7DCB9B1}"
EndProject
Project("{FAE04EC0-301F-11D3-BF4B-00C04F79EFBC}") = "Homework2", "HomeWork\Homework2\Homework2.csproj", "{3F100398-AF63-48CC-B30F-4439FBD3785E}"
EndProject
Project("{2150E333-8FDC-42A3-9474-1A3956D46DE8}") = "14.读取配置文件", "14.读取配置文件", "{511AA91D-AC79-43F6-AAE6-8F6C4B4AE278}"
EndProject
Project("{FAE04EC0-301F-11D3-BF4B-00C04F79EFBC}") = "ReadAppConfig", "14.读取配置文件\ReadAppConfig\ReadAppConfig.csproj", "{DF45DB1D-9B19-47AD-AA73-129EE3C1C72A}"
EndProject
Global
	GlobalSection(SolutionConfigurationPlatforms) = preSolution
		Debug|Any CPU = Debug|Any CPU
		Release|Any CPU = Release|Any CPU
	EndGlobalSection
	GlobalSection(ProjectConfigurationPlatforms) = postSolution
		{CEC829C9-7894-4CBD-A526-D5895EEE8FF7}.Debug|Any CPU.ActiveCfg = Debug|Any CPU
		{CEC829C9-7894-4CBD-A526-D5895EEE8FF7}.Debug|Any CPU.Build.0 = Debug|Any CPU
		{CEC829C9-7894-4CBD-A526-D5895EEE8FF7}.Release|Any CPU.ActiveCfg = Release|Any CPU
		{CEC829C9-7894-4CBD-A526-D5895EEE8FF7}.Release|Any CPU.Build.0 = Release|Any CPU
		{D535B2E3-E54B-42A8-9808-76FFA41B3204}.Debug|Any CPU.ActiveCfg = Debug|Any CPU
		{D535B2E3-E54B-42A8-9808-76FFA41B3204}.Debug|Any CPU.Build.0 = Debug|Any CPU
		{D535B2E3-E54B-42A8-9808-76FFA41B3204}.Release|Any CPU.ActiveCfg = Release|Any CPU
		{D535B2E3-E54B-42A8-9808-76FFA41B3204}.Release|Any CPU.Build.0 = Release|Any CPU
		{C9B25ED6-E775-485F-9770-CE98EBBBDD48}.Debug|Any CPU.ActiveCfg = Debug|Any CPU
		{C9B25ED6-E775-485F-9770-CE98EBBBDD48}.Debug|Any CPU.Build.0 = Debug|Any CPU
		{C9B25ED6-E775-485F-9770-CE98EBBBDD48}.Release|Any CPU.ActiveCfg = Release|Any CPU
		{C9B25ED6-E775-485F-9770-CE98EBBBDD48}.Release|Any CPU.Build.0 = Release|Any CPU
		{38FF3C5D-7ACA-4AFA-8FF8-15CB3DB40334}.Debug|Any CPU.ActiveCfg = Debug|Any CPU
		{38FF3C5D-7ACA-4AFA-8FF8-15CB3DB40334}.Debug|Any CPU.Build.0 = Debug|Any CPU
		{38FF3C5D-7ACA-4AFA-8FF8-15CB3DB40334}.Release|Any CPU.ActiveCfg = Release|Any CPU
		{38FF3C5D-7ACA-4AFA-8FF8-15CB3DB40334}.Release|Any CPU.Build.0 = Release|Any CPU
		{DC9B56DA-3906-4435-A40F-2B2147BF88EF}.Debug|Any CPU.ActiveCfg = Debug|Any CPU
		{DC9B56DA-3906-4435-A40F-2B2147BF88EF}.Debug|Any CPU.Build.0 = Debug|Any CPU
		{DC9B56DA-3906-4435-A40F-2B2147BF88EF}.Release|Any CPU.ActiveCfg = Release|Any CPU
		{DC9B56DA-3906-4435-A40F-2B2147BF88EF}.Release|Any CPU.Build.0 = Release|Any CPU
		{03813B49-1BFB-4893-BFBC-A743D0E2A08D}.Debug|Any CPU.ActiveCfg = Debug|Any CPU
		{03813B49-1BFB-4893-BFBC-A743D0E2A08D}.Debug|Any CPU.Build.0 = Debug|Any CPU
		{03813B49-1BFB-4893-BFBC-A743D0E2A08D}.Release|Any CPU.ActiveCfg = Release|Any CPU
		{03813B49-1BFB-4893-BFBC-A743D0E2A08D}.Release|Any CPU.Build.0 = Release|Any CPU
		{2A29C84C-0D99-446F-B211-30E17462FEBC}.Debug|Any CPU.ActiveCfg = Debug|Any CPU
		{2A29C84C-0D99-446F-B211-30E17462FEBC}.Debug|Any CPU.Build.0 = Debug|Any CPU
		{2A29C84C-0D99-446F-B211-30E17462FEBC}.Release|Any CPU.ActiveCfg = Release|Any CPU
		{2A29C84C-0D99-446F-B211-30E17462FEBC}.Release|Any CPU.Build.0 = Release|Any CPU
		{673FF8F8-7CE1-47F9-9F69-41A7F473C4C7}.Debug|Any CPU.ActiveCfg = Debug|Any CPU
		{673FF8F8-7CE1-47F9-9F69-41A7F473C4C7}.Debug|Any CPU.Build.0 = Debug|Any CPU
		{673FF8F8-7CE1-47F9-9F69-41A7F473C4C7}.Release|Any CPU.ActiveCfg = Release|Any CPU
		{673FF8F8-7CE1-47F9-9F69-41A7F473C4C7}.Release|Any CPU.Build.0 = Release|Any CPU
		{625D0CC7-1085-465E-BC32-76F620D0DED1}.Debug|Any CPU.ActiveCfg = Debug|Any CPU
		{625D0CC7-1085-465E-BC32-76F620D0DED1}.Debug|Any CPU.Build.0 = Debug|Any CPU
		{625D0CC7-1085-465E-BC32-76F620D0DED1}.Release|Any CPU.ActiveCfg = Release|Any CPU
		{625D0CC7-1085-465E-BC32-76F620D0DED1}.Release|Any CPU.Build.0 = Release|Any CPU
		{6993F760-4E3B-416C-8324-8A1E00A7F181}.Debug|Any CPU.ActiveCfg = Debug|Any CPU
		{6993F760-4E3B-416C-8324-8A1E00A7F181}.Debug|Any CPU.Build.0 = Debug|Any CPU
		{6993F760-4E3B-416C-8324-8A1E00A7F181}.Release|Any CPU.ActiveCfg = Release|Any CPU
		{6993F760-4E3B-416C-8324-8A1E00A7F181}.Release|Any CPU.Build.0 = Release|Any CPU
		{67D98AFD-075C-4AFA-A539-DB5E0531582E}.Debug|Any CPU.ActiveCfg = Debug|Any CPU
		{67D98AFD-075C-4AFA-A539-DB5E0531582E}.Debug|Any CPU.Build.0 = Debug|Any CPU
		{67D98AFD-075C-4AFA-A539-DB5E0531582E}.Release|Any CPU.ActiveCfg = Release|Any CPU
		{67D98AFD-075C-4AFA-A539-DB5E0531582E}.Release|Any CPU.Build.0 = Release|Any CPU
		{64695809-F024-4163-B32F-F5D86BF22A3E}.Debug|Any CPU.ActiveCfg = Debug|Any CPU
		{64695809-F024-4163-B32F-F5D86BF22A3E}.Debug|Any CPU.Build.0 = Debug|Any CPU
		{64695809-F024-4163-B32F-F5D86BF22A3E}.Release|Any CPU.ActiveCfg = Release|Any CPU
		{64695809-F024-4163-B32F-F5D86BF22A3E}.Release|Any CPU.Build.0 = Release|Any CPU
		{FB24245D-522F-4C5E-8813-83CBC6300A43}.Debug|Any CPU.ActiveCfg = Debug|Any CPU
		{FB24245D-522F-4C5E-8813-83CBC6300A43}.Debug|Any CPU.Build.0 = Debug|Any CPU
		{FB24245D-522F-4C5E-8813-83CBC6300A43}.Release|Any CPU.ActiveCfg = Release|Any CPU
		{FB24245D-522F-4C5E-8813-83CBC6300A43}.Release|Any CPU.Build.0 = Release|Any CPU
		{D739E8D3-E113-41BD-9F45-F7DFA50B481E}.Debug|Any CPU.ActiveCfg = Debug|Any CPU
		{D739E8D3-E113-41BD-9F45-F7DFA50B481E}.Debug|Any CPU.Build.0 = Debug|Any CPU
		{D739E8D3-E113-41BD-9F45-F7DFA50B481E}.Release|Any CPU.ActiveCfg = Release|Any CPU
		{D739E8D3-E113-41BD-9F45-F7DFA50B481E}.Release|Any CPU.Build.0 = Release|Any CPU
		{914EBD07-8222-4527-B7C5-20A5F2B26382}.Debug|Any CPU.ActiveCfg = Debug|Any CPU
		{914EBD07-8222-4527-B7C5-20A5F2B26382}.Debug|Any CPU.Build.0 = Debug|Any CPU
		{914EBD07-8222-4527-B7C5-20A5F2B26382}.Release|Any CPU.ActiveCfg = Release|Any CPU
		{914EBD07-8222-4527-B7C5-20A5F2B26382}.Release|Any CPU.Build.0 = Release|Any CPU
		{D392DA69-70BE-4783-AEA0-128E1CB6F314}.Debug|Any CPU.ActiveCfg = Debug|Any CPU
		{D392DA69-70BE-4783-AEA0-128E1CB6F314}.Debug|Any CPU.Build.0 = Debug|Any CPU
		{D392DA69-70BE-4783-AEA0-128E1CB6F314}.Release|Any CPU.ActiveCfg = Release|Any CPU
		{D392DA69-70BE-4783-AEA0-128E1CB6F314}.Release|Any CPU.Build.0 = Release|Any CPU
		{9427376A-7656-4EA0-B8C9-B1E5D7DCB9B1}.Debug|Any CPU.ActiveCfg = Debug|Any CPU
		{9427376A-7656-4EA0-B8C9-B1E5D7DCB9B1}.Debug|Any CPU.Build.0 = Debug|Any CPU
		{9427376A-7656-4EA0-B8C9-B1E5D7DCB9B1}.Release|Any CPU.ActiveCfg = Release|Any CPU
		{9427376A-7656-4EA0-B8C9-B1E5D7DCB9B1}.Release|Any CPU.Build.0 = Release|Any CPU
		{3F100398-AF63-48CC-B30F-4439FBD3785E}.Debug|Any CPU.ActiveCfg = Debug|Any CPU
		{3F100398-AF63-48CC-B30F-4439FBD3785E}.Debug|Any CPU.Build.0 = Debug|Any CPU
		{3F100398-AF63-48CC-B30F-4439FBD3785E}.Release|Any CPU.ActiveCfg = Release|Any CPU
		{3F100398-AF63-48CC-B30F-4439FBD3785E}.Release|Any CPU.Build.0 = Release|Any CPU
		{DF45DB1D-9B19-47AD-AA73-129EE3C1C72A}.Debug|Any CPU.ActiveCfg = Debug|Any CPU
		{DF45DB1D-9B19-47AD-AA73-129EE3C1C72A}.Debug|Any CPU.Build.0 = Debug|Any CPU
		{DF45DB1D-9B19-47AD-AA73-129EE3C1C72A}.Release|Any CPU.ActiveCfg = Release|Any CPU
		{DF45DB1D-9B19-47AD-AA73-129EE3C1C72A}.Release|Any CPU.Build.0 = Release|Any CPU
	EndGlobalSection
	GlobalSection(SolutionProperties) = preSolution
		HideSolutionNode = FALSE
	EndGlobalSection
	GlobalSection(NestedProjects) = preSolution
		{CEC829C9-7894-4CBD-A526-D5895EEE8FF7} = {22976811-F722-484E-918D-0B3FE1CBDA1F}
		{D535B2E3-E54B-42A8-9808-76FFA41B3204} = {41D85B80-D376-441C-BF23-132D2FFECF5D}
		{C9B25ED6-E775-485F-9770-CE98EBBBDD48} = {41D85B80-D376-441C-BF23-132D2FFECF5D}
		{38FF3C5D-7ACA-4AFA-8FF8-15CB3DB40334} = {41D85B80-D376-441C-BF23-132D2FFECF5D}
		{DC9B56DA-3906-4435-A40F-2B2147BF88EF} = {BF1E5F57-9E73-4233-BB93-3FB25B2B24A3}
		{03813B49-1BFB-4893-BFBC-A743D0E2A08D} = {AEB8411C-3396-4177-99CA-1E6AB3D619CD}
		{2A29C84C-0D99-446F-B211-30E17462FEBC} = {371C9F94-52A7-49C8-A482-D5D4C4421CAE}
		{673FF8F8-7CE1-47F9-9F69-41A7F473C4C7} = {247360E3-5211-4F01-9298-1804EFA6AEFE}
		{625D0CC7-1085-465E-BC32-76F620D0DED1} = {275AE90B-6120-4DCD-A356-7B7556BCDD06}
		{6993F760-4E3B-416C-8324-8A1E00A7F181} = {536A963B-DC96-4786-991A-D846D847BF58}
		{67D98AFD-075C-4AFA-A539-DB5E0531582E} = {14273C50-773C-4A0C-AF76-ADB3FAD8B0FF}
		{64695809-F024-4163-B32F-F5D86BF22A3E} = {2D3641EA-4561-4060-8290-8FBB9F7A06A7}
		{FB24245D-522F-4C5E-8813-83CBC6300A43} = {2782D873-E813-40F0-8F6D-399F6FD07447}
		{D739E8D3-E113-41BD-9F45-F7DFA50B481E} = {2782D873-E813-40F0-8F6D-399F6FD07447}
		{914EBD07-8222-4527-B7C5-20A5F2B26382} = {6748AA5C-6A87-46B9-8A76-96F61EE1ADBD}
		{D392DA69-70BE-4783-AEA0-128E1CB6F314} = {80FF08E0-6CD8-4893-A2E3-19C7C53EF8C1}
		{9427376A-7656-4EA0-B8C9-B1E5D7DCB9B1} = {D8B94322-3023-4131-861A-CBE93EE69933}
		{3F100398-AF63-48CC-B30F-4439FBD3785E} = {D8B94322-3023-4131-861A-CBE93EE69933}
		{DF45DB1D-9B19-47AD-AA73-129EE3C1C72A} = {511AA91D-AC79-43F6-AAE6-8F6C4B4AE278}
	EndGlobalSection
	GlobalSection(ExtensibilityGlobals) = postSolution
		SolutionGuid = {CA3A37D2-D2E9-4CCB-A3DB-95AAC70AC40B}
	EndGlobalSection
EndGlobal
